
Microsoft Visual Studio Solution File, Format Version 12.00
# Visual Studio Version 16
VisualStudioVersion = 16.0.30114.105
MinimumVisualStudioVersion = 10.0.40219.1
Project("{9A19103F-16F7-4668-BE54-9A1E7A4F7556}") = "VenegasIntl.SecretMarkdown.UI", "VenegasIntl.SecretMarkdown.UI\VenegasIntl.SecretMarkdown.UI.csproj", "{BACE92E1-3F91-4257-9997-519C212ED296}"
EndProject
Project("{9A19103F-16F7-4668-BE54-9A1E7A4F7556}") = "VenegasIntl.SecretMarkdown.Tests", "VenegasIntl.SecretMarkdown.Tests\VenegasIntl.SecretMarkdown.Tests.csproj", "{75A0E3C5-9120-41BC-9796-CE4D6EEBE9FC}"
EndProject
Project("{9A19103F-16F7-4668-BE54-9A1E7A4F7556}") = "VenegasIntl.SecretMarkdown.Backend", "VenegasIntl.SecretMarkdown.Backend\VenegasIntl.SecretMarkdown.Backend.csproj", "{AFA9DC6A-0E8E-4651-BD4F-419527DCD6DC}"
EndProject
Project("{2150E333-8FDC-42A3-9474-1A3956D46DE8}") = "Solution Items", "Solution Items", "{2BA0D174-5BBC-4BBA-9705-A7762FD880D1}"
	ProjectSection(SolutionItems) = preProject
		.editorconfig = .editorconfig
		.gitignore = .gitignore
		LICENSE = LICENSE
		README.md = README.md
	EndProjectSection
EndProject
Global
	GlobalSection(SolutionConfigurationPlatforms) = preSolution
		Debug|Any CPU = Debug|Any CPU
		Release|Any CPU = Release|Any CPU
	EndGlobalSection
	GlobalSection(ProjectConfigurationPlatforms) = postSolution
		{BACE92E1-3F91-4257-9997-519C212ED296}.Debug|Any CPU.ActiveCfg = Debug|Any CPU
		{BACE92E1-3F91-4257-9997-519C212ED296}.Debug|Any CPU.Build.0 = Debug|Any CPU
		{BACE92E1-3F91-4257-9997-519C212ED296}.Release|Any CPU.ActiveCfg = Release|Any CPU
		{BACE92E1-3F91-4257-9997-519C212ED296}.Release|Any CPU.Build.0 = Release|Any CPU
		{75A0E3C5-9120-41BC-9796-CE4D6EEBE9FC}.Debug|Any CPU.ActiveCfg = Debug|Any CPU
		{75A0E3C5-9120-41BC-9796-CE4D6EEBE9FC}.Debug|Any CPU.Build.0 = Debug|Any CPU
		{75A0E3C5-9120-41BC-9796-CE4D6EEBE9FC}.Release|Any CPU.ActiveCfg = Release|Any CPU
		{75A0E3C5-9120-41BC-9796-CE4D6EEBE9FC}.Release|Any CPU.Build.0 = Release|Any CPU
		{AFA9DC6A-0E8E-4651-BD4F-419527DCD6DC}.Debug|Any CPU.ActiveCfg = Debug|Any CPU
		{AFA9DC6A-0E8E-4651-BD4F-419527DCD6DC}.Debug|Any CPU.Build.0 = Debug|Any CPU
		{AFA9DC6A-0E8E-4651-BD4F-419527DCD6DC}.Release|Any CPU.ActiveCfg = Release|Any CPU
		{AFA9DC6A-0E8E-4651-BD4F-419527DCD6DC}.Release|Any CPU.Build.0 = Release|Any CPU
	EndGlobalSection
	GlobalSection(SolutionProperties) = preSolution
		HideSolutionNode = FALSE
	EndGlobalSection
	GlobalSection(ExtensibilityGlobals) = postSolution
		SolutionGuid = {14F4E1C4-BEA2-4696-A0B4-5C505A4B6EFF}
	EndGlobalSection
EndGlobal
